# This file is automatically @generated by Cargo.
# It is not intended for manual editing.
version = 3

[[package]]
name = "aho-corasick"
version = "1.0.1"
source = "registry+https://github.com/rust-lang/crates.io-index"
checksum = "67fc08ce920c31afb70f013dcce1bfc3a3195de6a228474e45e1f145b36f8d04"
dependencies = [
 "memchr",
]

[[package]]
name = "day1"
version = "0.1.0"

[[package]]
name = "day10"
version = "0.1.0"

[[package]]
name = "day11"
version = "0.1.0"
dependencies = [
 "lazy-regex",
 "regex",
]

[[package]]
name = "day12"
version = "0.1.0"

[[package]]
name = "day13"
version = "0.1.0"

[[package]]
name = "day14"
version = "0.1.0"

[[package]]
name = "day15"
version = "0.1.0"
dependencies = [
 "itertools",
 "lazy-regex",
]

[[package]]
name = "day16"
version = "0.1.0"
dependencies = [
 "lazy-regex",
]

[[package]]
name = "day17"
version = "0.1.0"

[[package]]
name = "day18"
version = "0.1.0"

[[package]]
name = "day19"
version = "0.1.0"
dependencies = [
 "lazy-regex",
]

[[package]]
name = "day2"
version = "0.1.0"

[[package]]
name = "day20"
version = "0.1.0"

[[package]]
name = "day21"
version = "0.1.0"
dependencies = [
 "lazy-regex",
]

[[package]]
name = "day22"
version = "0.1.0"

[[package]]
name = "day23"
version = "0.1.0"
dependencies = [
 "itertools",
]

[[package]]
name = "day24"
version = "0.1.0"
dependencies = [
 "itertools",
]

[[package]]
name = "day25"
version = "0.1.0"

[[package]]
name = "day3"
version = "0.1.0"

[[package]]
name = "day4"
version = "0.1.0"

[[package]]
name = "day5"
version = "0.1.0"
dependencies = [
 "itertools",
 "regex",
]

[[package]]
name = "day6"
version = "0.1.0"

[[package]]
name = "day7"
version = "0.1.0"

[[package]]
name = "day8"
version = "0.1.0"
dependencies = [
 "itertools",
]

[[package]]
name = "day9"
version = "0.1.0"
dependencies = [
 "itertools",
]

[[package]]
name = "either"
version = "1.8.1"
source = "registry+https://github.com/rust-lang/crates.io-index"
checksum = "7fcaabb2fef8c910e7f4c7ce9f67a1283a1715879a7c230ca9d6d1ae31f16d91"

[[package]]
name = "itertools"
version = "0.10.5"
source = "registry+https://github.com/rust-lang/crates.io-index"
checksum = "b0fd2260e829bddf4cb6ea802289de2f86d6a7a690192fbe91b3f46e0f2c8473"
dependencies = [
 "either",
]

[[package]]
name = "lazy-regex"
version = "2.5.0"
source = "registry+https://github.com/rust-lang/crates.io-index"
checksum = "ff63c423c68ea6814b7da9e88ce585f793c87ddd9e78f646970891769c8235d4"
dependencies = [
 "lazy-regex-proc_macros",
 "once_cell",
 "regex",
]

[[package]]
name = "lazy-regex-proc_macros"
version = "2.4.1"
source = "registry+https://github.com/rust-lang/crates.io-index"
checksum = "8edfc11b8f56ce85e207e62ea21557cfa09bb24a8f6b04ae181b086ff8611c22"
dependencies = [
 "proc-macro2",
 "quote",
 "regex",
 "syn",
]

[[package]]
name = "memchr"
version = "2.5.0"
source = "registry+https://github.com/rust-lang/crates.io-index"
checksum = "2dffe52ecf27772e601905b7522cb4ef790d2cc203488bbd0e2fe85fcb74566d"

[[package]]
name = "once_cell"
version = "1.17.1"
source = "registry+https://github.com/rust-lang/crates.io-index"
checksum = "b7e5500299e16ebb147ae15a00a942af264cf3688f47923b8fc2cd5858f23ad3"

[[package]]
name = "proc-macro2"
version = "1.0.56"
source = "registry+https://github.com/rust-lang/crates.io-index"
checksum = "2b63bdb0cd06f1f4dedf69b254734f9b45af66e4a031e42a7480257d9898b435"
dependencies = [
 "unicode-ident",
]

[[package]]
name = "quote"
version = "1.0.26"
source = "registry+https://github.com/rust-lang/crates.io-index"
checksum = "4424af4bf778aae2051a77b60283332f386554255d722233d09fbfc7e30da2fc"
dependencies = [
 "proc-macro2",
]

[[package]]
name = "regex"
version = "1.8.1"
source = "registry+https://github.com/rust-lang/crates.io-index"
checksum = "af83e617f331cc6ae2da5443c602dfa5af81e517212d9d611a5b3ba1777b5370"
dependencies = [
 "aho-corasick",
 "memchr",
 "regex-syntax",
]

[[package]]
name = "regex-syntax"
version = "0.7.1"
source = "registry+https://github.com/rust-lang/crates.io-index"
checksum = "a5996294f19bd3aae0453a862ad728f60e6600695733dd5df01da90c54363a3c"

[[package]]
name = "syn"
version = "1.0.109"
source = "registry+https://github.com/rust-lang/crates.io-index"
checksum = "72b64191b275b66ffe2469e8af2c1cfe3bafa67b529ead792a6d0160888b4237"
dependencies = [
 "proc-macro2",
 "quote",
 "unicode-ident",
]

[[package]]
name = "unicode-ident"
version = "1.0.8"
source = "registry+https://github.com/rust-lang/crates.io-index"
checksum = "e5464a87b239f13a63a501f2701565754bae92d243d4bb7eb12f6d57d2269bf4"
